
Microsoft Visual Studio Solution File, Format Version 12.00
# Visual Studio Version 17
VisualStudioVersion = 17.7.34221.43
MinimumVisualStudioVersion = 10.0.40219.1
Project("{9A19103F-16F7-4668-BE54-9A1E7A4F7556}") = "ArchivadorALPU", "ArchivadorALPU\ArchivadorALPU.csproj", "{4CF45FAA-C24E-4837-B86F-61DC184591A6}"
EndProject
Project("{FAE04EC0-301F-11D3-BF4B-00C04F79EFBC}") = "Classes", "Classes\Classes.csproj", "{9FC09D9E-9EA7-408A-BA3E-8A9E1D8C7FFF}"
EndProject
Global
	GlobalSection(SolutionConfigurationPlatforms) = preSolution
		Debug|Any CPU = Debug|Any CPU
		Release|Any CPU = Release|Any CPU
	EndGlobalSection
	GlobalSection(ProjectConfigurationPlatforms) = postSolution
		{4CF45FAA-C24E-4837-B86F-61DC184591A6}.Debug|Any CPU.ActiveCfg = Debug|Any CPU
		{4CF45FAA-C24E-4837-B86F-61DC184591A6}.Debug|Any CPU.Build.0 = Debug|Any CPU
		{4CF45FAA-C24E-4837-B86F-61DC184591A6}.Release|Any CPU.ActiveCfg = Release|Any CPU
		{4CF45FAA-C24E-4837-B86F-61DC184591A6}.Release|Any CPU.Build.0 = Release|Any CPU
		{9FC09D9E-9EA7-408A-BA3E-8A9E1D8C7FFF}.Debug|Any CPU.ActiveCfg = Debug|Any CPU
		{9FC09D9E-9EA7-408A-BA3E-8A9E1D8C7FFF}.Debug|Any CPU.Build.0 = Debug|Any CPU
		{9FC09D9E-9EA7-408A-BA3E-8A9E1D8C7FFF}.Release|Any CPU.ActiveCfg = Release|Any CPU
		{9FC09D9E-9EA7-408A-BA3E-8A9E1D8C7FFF}.Release|Any CPU.Build.0 = Release|Any CPU
	EndGlobalSection
	GlobalSection(SolutionProperties) = preSolution
		HideSolutionNode = FALSE
	EndGlobalSection
	GlobalSection(ExtensibilityGlobals) = postSolution
		SolutionGuid = {B1ED9A4C-6724-4D3B-9FC0-6774928E624B}
	EndGlobalSection
EndGlobal
